
Microsoft Visual Studio Solution File, Format Version 12.00
# Visual Studio Version 17
VisualStudioVersion = 17.13.35806.99 d17.13
MinimumVisualStudioVersion = 10.0.40219.1
Project("{FAE04EC0-301F-11D3-BF4B-00C04F79EFBC}") = "CarInsurance", "CarInsurance\CarInsurance.csproj", "{2E287543-AAC2-476B-AF34-A7CFB965481A}"
EndProject
Global
	GlobalSection(SolutionConfigurationPlatforms) = preSolution
		Debug|Any CPU = Debug|Any CPU
		Release|Any CPU = Release|Any CPU
	EndGlobalSection
	GlobalSection(ProjectConfigurationPlatforms) = postSolution
		{2E287543-AAC2-476B-AF34-A7CFB965481A}.Debug|Any CPU.ActiveCfg = Debug|Any CPU
		{2E287543-AAC2-476B-AF34-A7CFB965481A}.Debug|Any CPU.Build.0 = Debug|Any CPU
		{2E287543-AAC2-476B-AF34-A7CFB965481A}.Release|Any CPU.ActiveCfg = Release|Any CPU
		{2E287543-AAC2-476B-AF34-A7CFB965481A}.Release|Any CPU.Build.0 = Release|Any CPU
	EndGlobalSection
	GlobalSection(SolutionProperties) = preSolution
		HideSolutionNode = FALSE
	EndGlobalSection
	GlobalSection(ExtensibilityGlobals) = postSolution
		SolutionGuid = {3737430C-A081-4DFE-B52A-BECD9BC0A390}
	EndGlobalSection
EndGlobal
