
Microsoft Visual Studio Solution File, Format Version 12.00
# Visual Studio Version 17
VisualStudioVersion = 17.13.35806.99 d17.13
MinimumVisualStudioVersion = 10.0.40219.1
Project("{FAE04EC0-301F-11D3-BF4B-00C04F79EFBC}") = "TechStoreInventory", "TechStoreInventory\TechStoreInventory.csproj", "{CAC9222D-03CA-47B7-8830-C3E51E9AB947}"
EndProject
Global
	GlobalSection(SolutionConfigurationPlatforms) = preSolution
		Debug|Any CPU = Debug|Any CPU
		Release|Any CPU = Release|Any CPU
	EndGlobalSection
	GlobalSection(ProjectConfigurationPlatforms) = postSolution
		{CAC9222D-03CA-47B7-8830-C3E51E9AB947}.Debug|Any CPU.ActiveCfg = Debug|Any CPU
		{CAC9222D-03CA-47B7-8830-C3E51E9AB947}.Debug|Any CPU.Build.0 = Debug|Any CPU
		{CAC9222D-03CA-47B7-8830-C3E51E9AB947}.Release|Any CPU.ActiveCfg = Release|Any CPU
		{CAC9222D-03CA-47B7-8830-C3E51E9AB947}.Release|Any CPU.Build.0 = Release|Any CPU
	EndGlobalSection
	GlobalSection(SolutionProperties) = preSolution
		HideSolutionNode = FALSE
	EndGlobalSection
	GlobalSection(ExtensibilityGlobals) = postSolution
		SolutionGuid = {7AA79F81-1408-495E-B591-09381022716F}
	EndGlobalSection
EndGlobal
